
Microsoft Visual Studio Solution File, Format Version 12.00
# Visual Studio 15
VisualStudioVersion = 15.0.28010.2046
MinimumVisualStudioVersion = 10.0.40219.1
Project("{FAE04EC0-301F-11D3-BF4B-00C04F79EFBC}") = "HostelGGMC", "HostelGGMC\HostelGGMC.csproj", "{DF43ABFA-819B-4D9B-B473-652B9EEAF8A6}"
EndProject
Project("{FAE04EC0-301F-11D3-BF4B-00C04F79EFBC}") = "MainLibrary", "MainLibrary\MainLibrary.csproj", "{80FD7319-E3C7-4B22-8A86-E0A8E3B8B67D}"
EndProject
Project("{FAE04EC0-301F-11D3-BF4B-00C04F79EFBC}") = "Models", "Models\Models.csproj", "{F1A1C092-3167-4494-8BCB-6F7E369287E4}"
EndProject
Global
	GlobalSection(SolutionConfigurationPlatforms) = preSolution
		Debug|Any CPU = Debug|Any CPU
		Release|Any CPU = Release|Any CPU
	EndGlobalSection
	GlobalSection(ProjectConfigurationPlatforms) = postSolution
		{DF43ABFA-819B-4D9B-B473-652B9EEAF8A6}.Debug|Any CPU.ActiveCfg = Debug|Any CPU
		{DF43ABFA-819B-4D9B-B473-652B9EEAF8A6}.Debug|Any CPU.Build.0 = Debug|Any CPU
		{DF43ABFA-819B-4D9B-B473-652B9EEAF8A6}.Release|Any CPU.ActiveCfg = Release|Any CPU
		{DF43ABFA-819B-4D9B-B473-652B9EEAF8A6}.Release|Any CPU.Build.0 = Release|Any CPU
		{80FD7319-E3C7-4B22-8A86-E0A8E3B8B67D}.Debug|Any CPU.ActiveCfg = Debug|Any CPU
		{80FD7319-E3C7-4B22-8A86-E0A8E3B8B67D}.Debug|Any CPU.Build.0 = Debug|Any CPU
		{80FD7319-E3C7-4B22-8A86-E0A8E3B8B67D}.Release|Any CPU.ActiveCfg = Release|Any CPU
		{80FD7319-E3C7-4B22-8A86-E0A8E3B8B67D}.Release|Any CPU.Build.0 = Release|Any CPU
		{F1A1C092-3167-4494-8BCB-6F7E369287E4}.Debug|Any CPU.ActiveCfg = Debug|Any CPU
		{F1A1C092-3167-4494-8BCB-6F7E369287E4}.Debug|Any CPU.Build.0 = Debug|Any CPU
		{F1A1C092-3167-4494-8BCB-6F7E369287E4}.Release|Any CPU.ActiveCfg = Release|Any CPU
		{F1A1C092-3167-4494-8BCB-6F7E369287E4}.Release|Any CPU.Build.0 = Release|Any CPU
	EndGlobalSection
	GlobalSection(SolutionProperties) = preSolution
		HideSolutionNode = FALSE
	EndGlobalSection
	GlobalSection(ExtensibilityGlobals) = postSolution
		SolutionGuid = {C01DCABA-B702-4290-BB68-D75CAAA9A178}
	EndGlobalSection
EndGlobal
